
Microsoft Visual Studio Solution File, Format Version 12.00
# Visual Studio Version 17
VisualStudioVersion = 17.6.33717.318
MinimumVisualStudioVersion = 10.0.40219.1
Project("{FAE04EC0-301F-11D3-BF4B-00C04F79EFBC}") = "EduHomeUI", "EduHomeUI\EduHomeUI.csproj", "{9F2319B2-A408-4FE5-AB7D-3A6345B2CD52}"
EndProject
Global
	GlobalSection(SolutionConfigurationPlatforms) = preSolution
		Debug|Any CPU = Debug|Any CPU
		Release|Any CPU = Release|Any CPU
	EndGlobalSection
	GlobalSection(ProjectConfigurationPlatforms) = postSolution
		{9F2319B2-A408-4FE5-AB7D-3A6345B2CD52}.Debug|Any CPU.ActiveCfg = Debug|Any CPU
		{9F2319B2-A408-4FE5-AB7D-3A6345B2CD52}.Debug|Any CPU.Build.0 = Debug|Any CPU
		{9F2319B2-A408-4FE5-AB7D-3A6345B2CD52}.Release|Any CPU.ActiveCfg = Release|Any CPU
		{9F2319B2-A408-4FE5-AB7D-3A6345B2CD52}.Release|Any CPU.Build.0 = Release|Any CPU
	EndGlobalSection
	GlobalSection(SolutionProperties) = preSolution
		HideSolutionNode = FALSE
	EndGlobalSection
	GlobalSection(ExtensibilityGlobals) = postSolution
		SolutionGuid = {7C6B1A10-340E-48A4-9542-284393ED36D3}
	EndGlobalSection
EndGlobal
